<Solution>
  <Folder Name="/Solution Items/">
    <File Path=".github/scripts/clean_appcast.py" />
    <File Path=".github/workflows/BuildEdge.yml" />
    <File Path=".github/workflows/MakeStableReleaseDraft.yml" />
    <File Path=".github/workflows/UpdateAppCast.yml" />
    <File Path="Directory.Build.props" />
    <File Path="installer/DotNetCore.nsh" />
    <File Path="GitVersion.yml" />
    <File Path="installer/Installer.nsi" />
  </Folder>
  <Project Path="Chorizite.OpenGLSDLBackend/Chorizite.OpenGLSDLBackend.csproj" />
  <Project Path="WorldBuilder.Browser/WorldBuilder.Browser.csproj" />
  <Project Path="WorldBuilder.Linux/WorldBuilder.Linux.csproj" />
  <Project Path="WorldBuilder.Mac/WorldBuilder.Mac.csproj" />
  <Project Path="WorldBuilder.Shared/WorldBuilder.Shared.csproj" />
  <Project Path="WorldBuilder.Windows/WorldBuilder.Windows.csproj" />
  <Project Path="WorldBuilder/WorldBuilder.csproj" />
  <Project Path="WorldBuilder.Terminal/WorldBuilder.Terminal.csproj" />
  <Project Path="WorldBuilder.Tests/WorldBuilder.Tests.csproj" />
</Solution>
